{
  "version": "4",
  "specifiers": {
    "jsr:@oak/commons@1": "1.0.0",
    "jsr:@std/assert@1": "1.0.8",
    "jsr:@std/bytes@1": "1.0.4",
    "jsr:@std/bytes@^1.0.2": "1.0.4",
    "jsr:@std/crypto@1": "1.0.3",
    "jsr:@std/encoding@1": "1.0.5",
    "jsr:@std/encoding@^1.0.5": "1.0.5",
    "jsr:@std/http@1": "1.0.10",
    "jsr:@std/io@0.224": "0.224.9",
    "jsr:@std/media-types@1": "1.1.0",
    "jsr:@std/path@1": "1.0.8",
    "npm:@types/node@*": "22.5.4",
    "npm:path-to-regexp@6.2.1": "6.2.1"
  },
  "jsr": {
    "@oak/commons@1.0.0": {
      "integrity": "49805b55603c3627a9d6235c0655aa2b6222d3036b3a13ff0380c16368f607ac",
      "dependencies": [
        "jsr:@std/assert",
        "jsr:@std/bytes@1",
        "jsr:@std/crypto",
        "jsr:@std/encoding@1",
        "jsr:@std/http",
        "jsr:@std/media-types"
      ]
    },
    "@std/assert@1.0.8": {
      "integrity": "ebe0bd7eb488ee39686f77003992f389a06c3da1bbd8022184804852b2fa641b"
    },
    "@std/bytes@1.0.4": {
      "integrity": "11a0debe522707c95c7b7ef89b478c13fb1583a7cfb9a85674cd2cc2e3a28abc"
    },
    "@std/crypto@1.0.3": {
      "integrity": "a2a32f51ddef632d299e3879cd027c630dcd4d1d9a5285d6e6788072f4e51e7f"
    },
    "@std/encoding@1.0.5": {
      "integrity": "ecf363d4fc25bd85bd915ff6733a7e79b67e0e7806334af15f4645c569fefc04"
    },
    "@std/http@1.0.10": {
      "integrity": "4e32d11493ab04e3ef09f104f0cb9beb4228b1d4b47c5469573c2c294c0d3692",
      "dependencies": [
        "jsr:@std/encoding@^1.0.5"
      ]
    },
    "@std/io@0.224.9": {
      "integrity": "4414664b6926f665102e73c969cfda06d2c4c59bd5d0c603fd4f1b1c840d6ee3",
      "dependencies": [
        "jsr:@std/bytes@^1.0.2"
      ]
    },
    "@std/media-types@1.1.0": {
      "integrity": "c9d093f0c05c3512932b330e3cc1fe1d627b301db33a4c2c2185c02471d6eaa4"
    },
    "@std/path@1.0.8": {
      "integrity": "548fa456bb6a04d3c1a1e7477986b6cffbce95102d0bb447c67c4ee70e0364be"
    }
  },
  "npm": {
    "@types/node@22.5.4": {
      "integrity": "sha512-FDuKUJQm/ju9fT/SeX/6+gBzoPzlVCzfzmGkwKvRHQVxi4BntVbyIwf6a4Xn62mrvndLiml6z/UBXIdEVjQLXg==",
      "dependencies": [
        "undici-types"
      ]
    },
    "path-to-regexp@6.2.1": {
      "integrity": "sha512-JLyh7xT1kizaEvcaXOQwOc2/Yhw6KZOvPf1S8401UyLk86CU79LN3vl7ztXGm/pZ+YjoyAJ4rxmHwbkBXJX+yw=="
    },
    "undici-types@6.19.8": {
      "integrity": "sha512-ve2KP6f/JnbPBFyobGHuerC9g1FYGn/F8n1LWTwNxCEzd6IfqTwUQcNXgEtmmQ6DlRrC1hrSrBnCZPokRrDHjw=="
    }
  },
  "redirects": {
    "https://deno.land/x/oak/mod.ts": "https://deno.land/x/oak@v17.1.3/mod.ts",
    "https://deno.land/x/postgres/mod.ts": "https://deno.land/x/postgres@v0.19.3/mod.ts"
  },
  "remote": {
    "https://deno.land/std@0.214.0/assert/assert.ts": "bec068b2fccdd434c138a555b19a2c2393b71dfaada02b7d568a01541e67cdc5",
    "https://deno.land/std@0.214.0/assert/assertion_error.ts": "9f689a101ee586c4ce92f52fa7ddd362e86434ffdf1f848e45987dc7689976b8",
    "https://deno.land/std@0.214.0/async/delay.ts": "8e1d18fe8b28ff95885e2bc54eccec1713f57f756053576d8228e6ca110793ad",
    "https://deno.land/std@0.214.0/bytes/copy.ts": "f29c03168853720dfe82eaa57793d0b9e3543ebfe5306684182f0f1e3bfd422a",
    "https://deno.land/std@0.214.0/crypto/_fnv/fnv32.ts": "ba2c5ef976b9f047d7ce2d33dfe18671afc75154bcf20ef89d932b2fe8820535",
    "https://deno.land/std@0.214.0/crypto/_fnv/fnv64.ts": "580cadfe2ff333fe253d15df450f927c8ac7e408b704547be26aab41b5772558",
    "https://deno.land/std@0.214.0/crypto/_fnv/mod.ts": "8dbb60f062a6e77b82f7a62ac11fabfba52c3cd408c21916b130d8f57a880f96",
    "https://deno.land/std@0.214.0/crypto/_fnv/util.ts": "27b36ce3440d0a180af6bf1cfc2c326f68823288540a354dc1d636b781b9b75f",
    "https://deno.land/std@0.214.0/crypto/_wasm/lib/deno_std_wasm_crypto.generated.mjs": "76c727912539737def4549bb62a96897f37eb334b979f49c57b8af7a1617635e",
    "https://deno.land/std@0.214.0/crypto/_wasm/mod.ts": "c55f91473846827f077dfd7e5fc6e2726dee5003b6a5747610707cdc638a22ba",
    "https://deno.land/std@0.214.0/crypto/crypto.ts": "4448f8461c797adba8d70a2c60f7795a546d7a0926e96366391bffdd06491c16",
    "https://deno.land/std@0.214.0/datetime/_common.ts": "a62214c1924766e008e27d3d843ceba4b545dc2aa9880de0ecdef9966d5736b6",
    "https://deno.land/std@0.214.0/datetime/parse.ts": "bb248bbcb3cd54bcaf504a1ee670fc4695e429d9019c06af954bbe2bcb8f1d02",
    "https://deno.land/std@0.214.0/encoding/_util.ts": "beacef316c1255da9bc8e95afb1fa56ed69baef919c88dc06ae6cb7a6103d376",
    "https://deno.land/std@0.214.0/encoding/base64.ts": "96e61a556d933201266fea84ae500453293f2aff130057b579baafda096a96bc",
    "https://deno.land/std@0.214.0/encoding/hex.ts": "4d47d3b25103cf81a2ed38f54b394d39a77b63338e1eaa04b70c614cb45ec2e6",
    "https://deno.land/std@0.214.0/fmt/colors.ts": "aeaee795471b56fc62a3cb2e174ed33e91551b535f44677f6320336aabb54fbb",
    "https://deno.land/std@0.214.0/io/buf_reader.ts": "c73aad99491ee6db3d6b001fa4a780e9245c67b9296f5bad9c0fa7384e35d47a",
    "https://deno.land/std@0.214.0/io/buf_writer.ts": "f82f640c8b3a820f600a8da429ad0537037c7d6a78426bbca2396fb1f75d3ef4",
    "https://deno.land/std@0.214.0/io/types.ts": "748bbb3ac96abda03594ef5a0db15ce5450dcc6c0d841c8906f8b10ac8d32c96",
    "https://deno.land/std@0.214.0/path/_common/assert_path.ts": "2ca275f36ac1788b2acb60fb2b79cb06027198bc2ba6fb7e163efaedde98c297",
    "https://deno.land/std@0.214.0/path/_common/basename.ts": "569744855bc8445f3a56087fd2aed56bdad39da971a8d92b138c9913aecc5fa2",
    "https://deno.land/std@0.214.0/path/_common/common.ts": "6157c7ec1f4db2b4a9a187efd6ce76dcaf1e61cfd49f87e40d4ea102818df031",
    "https://deno.land/std@0.214.0/path/_common/constants.ts": "dc5f8057159f4b48cd304eb3027e42f1148cf4df1fb4240774d3492b5d12ac0c",
    "https://deno.land/std@0.214.0/path/_common/dirname.ts": "684df4aa71a04bbcc346c692c8485594fc8a90b9408dfbc26ff32cf3e0c98cc8",
    "https://deno.land/std@0.214.0/path/_common/format.ts": "92500e91ea5de21c97f5fe91e178bae62af524b72d5fcd246d6d60ae4bcada8b",
    "https://deno.land/std@0.214.0/path/_common/from_file_url.ts": "d672bdeebc11bf80e99bf266f886c70963107bdd31134c4e249eef51133ceccf",
    "https://deno.land/std@0.214.0/path/_common/glob_to_reg_exp.ts": "2007aa87bed6eb2c8ae8381adcc3125027543d9ec347713c1ad2c68427330770",
    "https://deno.land/std@0.214.0/path/_common/normalize.ts": "684df4aa71a04bbcc346c692c8485594fc8a90b9408dfbc26ff32cf3e0c98cc8",
    "https://deno.land/std@0.214.0/path/_common/normalize_string.ts": "dfdf657a1b1a7db7999f7c575ee7e6b0551d9c20f19486c6c3f5ff428384c965",
    "https://deno.land/std@0.214.0/path/_common/relative.ts": "faa2753d9b32320ed4ada0733261e3357c186e5705678d9dd08b97527deae607",
    "https://deno.land/std@0.214.0/path/_common/strip_trailing_separators.ts": "7024a93447efcdcfeaa9339a98fa63ef9d53de363f1fbe9858970f1bba02655a",
    "https://deno.land/std@0.214.0/path/_common/to_file_url.ts": "7f76adbc83ece1bba173e6e98a27c647712cab773d3f8cbe0398b74afc817883",
    "https://deno.land/std@0.214.0/path/_interface.ts": "a1419fcf45c0ceb8acdccc94394e3e94f99e18cfd32d509aab514c8841799600",
    "https://deno.land/std@0.214.0/path/_os.ts": "8fb9b90fb6b753bd8c77cfd8a33c2ff6c5f5bc185f50de8ca4ac6a05710b2c15",
    "https://deno.land/std@0.214.0/path/basename.ts": "5d341aadb7ada266e2280561692c165771d071c98746fcb66da928870cd47668",
    "https://deno.land/std@0.214.0/path/common.ts": "03e52e22882402c986fe97ca3b5bb4263c2aa811c515ce84584b23bac4cc2643",
    "https://deno.land/std@0.214.0/path/constants.ts": "0c206169ca104938ede9da48ac952de288f23343304a1c3cb6ec7625e7325f36",
    "https://deno.land/std@0.214.0/path/dirname.ts": "85bd955bf31d62c9aafdd7ff561c4b5fb587d11a9a5a45e2b01aedffa4238a7c",
    "https://deno.land/std@0.214.0/path/extname.ts": "593303db8ae8c865cbd9ceec6e55d4b9ac5410c1e276bfd3131916591b954441",
    "https://deno.land/std@0.214.0/path/format.ts": "98fad25f1af7b96a48efb5b67378fcc8ed77be895df8b9c733b86411632162af",
    "https://deno.land/std@0.214.0/path/from_file_url.ts": "911833ae4fd10a1c84f6271f36151ab785955849117dc48c6e43b929504ee069",
    "https://deno.land/std@0.214.0/path/glob_to_regexp.ts": "83c5fd36a8c86f5e72df9d0f45317f9546afa2ce39acaafe079d43a865aced08",
    "https://deno.land/std@0.214.0/path/is_absolute.ts": "4791afc8bfd0c87f0526eaa616b0d16e7b3ab6a65b62942e50eac68de4ef67d7",
    "https://deno.land/std@0.214.0/path/is_glob.ts": "a65f6195d3058c3050ab905705891b412ff942a292bcbaa1a807a74439a14141",
    "https://deno.land/std@0.214.0/path/join.ts": "ae2ec5ca44c7e84a235fd532e4a0116bfb1f2368b394db1c4fb75e3c0f26a33a",
    "https://deno.land/std@0.214.0/path/join_globs.ts": "e9589869a33dc3982101898ee50903db918ca00ad2614dbe3934d597d7b1fbea",
    "https://deno.land/std@0.214.0/path/mod.ts": "ffeaccb713dbe6c72e015b7c767f753f8ec5fbc3b621ff5eeee486ffc2c0ddda",
    "https://deno.land/std@0.214.0/path/normalize.ts": "4155743ccceeed319b350c1e62e931600272fad8ad00c417b91df093867a8352",
    "https://deno.land/std@0.214.0/path/normalize_glob.ts": "98ee8268fad271193603271c203ae973280b5abfbdd2cbca1053fd2af71869ca",
    "https://deno.land/std@0.214.0/path/parse.ts": "65e8e285f1a63b714e19ef24b68f56e76934c3df0b6e65fd440d3991f4f8aefb",
    "https://deno.land/std@0.214.0/path/posix/_util.ts": "1e3937da30f080bfc99fe45d7ed23c47dd8585c5e473b2d771380d3a6937cf9d",
    "https://deno.land/std@0.214.0/path/posix/basename.ts": "39ee27a29f1f35935d3603ccf01d53f3d6e0c5d4d0f84421e65bd1afeff42843",
    "https://deno.land/std@0.214.0/path/posix/common.ts": "26f60ccc8b2cac3e1613000c23ac5a7d392715d479e5be413473a37903a2b5d4",
    "https://deno.land/std@0.214.0/path/posix/constants.ts": "93481efb98cdffa4c719c22a0182b994e5a6aed3047e1962f6c2c75b7592bef1",
    "https://deno.land/std@0.214.0/path/posix/dirname.ts": "6535d2bdd566118963537b9dda8867ba9e2a361015540dc91f5afbb65c0cce8b",
    "https://deno.land/std@0.214.0/path/posix/extname.ts": "8d36ae0082063c5e1191639699e6f77d3acf501600a3d87b74943f0ae5327427",
    "https://deno.land/std@0.214.0/path/posix/format.ts": "185e9ee2091a42dd39e2a3b8e4925370ee8407572cee1ae52838aed96310c5c1",
    "https://deno.land/std@0.214.0/path/posix/from_file_url.ts": "951aee3a2c46fd0ed488899d024c6352b59154c70552e90885ed0c2ab699bc40",
    "https://deno.land/std@0.214.0/path/posix/glob_to_regexp.ts": "54d3ff40f309e3732ab6e5b19d7111d2d415248bcd35b67a99defcbc1972e697",
    "https://deno.land/std@0.214.0/path/posix/is_absolute.ts": "cebe561ad0ae294f0ce0365a1879dcfca8abd872821519b4fcc8d8967f888ede",
    "https://deno.land/std@0.214.0/path/posix/is_glob.ts": "8a8b08c08bf731acf2c1232218f1f45a11131bc01de81e5f803450a5914434b9",
    "https://deno.land/std@0.214.0/path/posix/join.ts": "aef88d5fa3650f7516730865dbb951594d1a955b785e2450dbee93b8e32694f3",
    "https://deno.land/std@0.214.0/path/posix/join_globs.ts": "ee2f4676c5b8a0dfa519da58b8ade4d1c4aa8dd3fe35619edec883ae9df1f8c9",
    "https://deno.land/std@0.214.0/path/posix/mod.ts": "563a18c2b3ddc62f3e4a324ff0f583e819b8602a72ad880cb98c9e2e34f8db5b",
    "https://deno.land/std@0.214.0/path/posix/normalize.ts": "baeb49816a8299f90a0237d214cef46f00ba3e95c0d2ceb74205a6a584b58a91",
    "https://deno.land/std@0.214.0/path/posix/normalize_glob.ts": "65f0138fa518ef9ece354f32889783fc38cdf985fb02dcf1c3b14fa47d665640",
    "https://deno.land/std@0.214.0/path/posix/parse.ts": "d5bac4eb21262ab168eead7e2196cb862940c84cee572eafedd12a0d34adc8fb",
    "https://deno.land/std@0.214.0/path/posix/relative.ts": "3907d6eda41f0ff723d336125a1ad4349112cd4d48f693859980314d5b9da31c",
    "https://deno.land/std@0.214.0/path/posix/resolve.ts": "bac20d9921beebbbb2b73706683b518b1d0c1b1da514140cee409e90d6b2913a",
    "https://deno.land/std@0.214.0/path/posix/separator.ts": "c9ecae5c843170118156ac5d12dc53e9caf6a1a4c96fc8b1a0ab02dff5c847b0",
    "https://deno.land/std@0.214.0/path/posix/to_file_url.ts": "7aa752ba66a35049e0e4a4be5a0a31ac6b645257d2e031142abb1854de250aaf",
    "https://deno.land/std@0.214.0/path/posix/to_namespaced_path.ts": "28b216b3c76f892a4dca9734ff1cc0045d135532bfd9c435ae4858bfa5a2ebf0",
    "https://deno.land/std@0.214.0/path/relative.ts": "ab739d727180ed8727e34ed71d976912461d98e2b76de3d3de834c1066667add",
    "https://deno.land/std@0.214.0/path/resolve.ts": "a6f977bdb4272e79d8d0ed4333e3d71367cc3926acf15ac271f1d059c8494d8d",
    "https://deno.land/std@0.214.0/path/separator.ts": "c6c890507f944a1f5cb7d53b8d638d6ce3cf0f34609c8d84a10c1eaa400b77a9",
    "https://deno.land/std@0.214.0/path/to_file_url.ts": "88f049b769bce411e2d2db5bd9e6fd9a185a5fbd6b9f5ad8f52bef517c4ece1b",
    "https://deno.land/std@0.214.0/path/to_namespaced_path.ts": "b706a4103b104cfadc09600a5f838c2ba94dbcdb642344557122dda444526e40",
    "https://deno.land/std@0.214.0/path/windows/_util.ts": "d5f47363e5293fced22c984550d5e70e98e266cc3f31769e1710511803d04808",
    "https://deno.land/std@0.214.0/path/windows/basename.ts": "e2dbf31d1d6385bfab1ce38c333aa290b6d7ae9e0ecb8234a654e583cf22f8fe",
    "https://deno.land/std@0.214.0/path/windows/common.ts": "26f60ccc8b2cac3e1613000c23ac5a7d392715d479e5be413473a37903a2b5d4",
    "https://deno.land/std@0.214.0/path/windows/constants.ts": "5afaac0a1f67b68b0a380a4ef391bf59feb55856aa8c60dfc01bd3b6abb813f5",
    "https://deno.land/std@0.214.0/path/windows/dirname.ts": "33e421be5a5558a1346a48e74c330b8e560be7424ed7684ea03c12c21b627bc9",
    "https://deno.land/std@0.214.0/path/windows/extname.ts": "165a61b00d781257fda1e9606a48c78b06815385e7d703232548dbfc95346bef",
    "https://deno.land/std@0.214.0/path/windows/format.ts": "bbb5ecf379305b472b1082cd2fdc010e44a0020030414974d6029be9ad52aeb6",
    "https://deno.land/std@0.214.0/path/windows/from_file_url.ts": "ced2d587b6dff18f963f269d745c4a599cf82b0c4007356bd957cb4cb52efc01",
    "https://deno.land/std@0.214.0/path/windows/glob_to_regexp.ts": "6dcd1242bd8907aa9660cbdd7c93446e6927b201112b0cba37ca5d80f81be51b",
    "https://deno.land/std@0.214.0/path/windows/is_absolute.ts": "4a8f6853f8598cf91a835f41abed42112cebab09478b072e4beb00ec81f8ca8a",
    "https://deno.land/std@0.214.0/path/windows/is_glob.ts": "8a8b08c08bf731acf2c1232218f1f45a11131bc01de81e5f803450a5914434b9",
    "https://deno.land/std@0.214.0/path/windows/join.ts": "e0b3356615c1a75c56ebb6a7311157911659e11fd533d80d724800126b761ac3",
    "https://deno.land/std@0.214.0/path/windows/join_globs.ts": "ee2f4676c5b8a0dfa519da58b8ade4d1c4aa8dd3fe35619edec883ae9df1f8c9",
    "https://deno.land/std@0.214.0/path/windows/mod.ts": "7d6062927bda47c47847ffb55d8f1a37b0383840aee5c7dfc93984005819689c",
    "https://deno.land/std@0.214.0/path/windows/normalize.ts": "78126170ab917f0ca355a9af9e65ad6bfa5be14d574c5fb09bb1920f52577780",
    "https://deno.land/std@0.214.0/path/windows/normalize_glob.ts": "179c86ba89f4d3fe283d2addbe0607341f79ee9b1ae663abcfb3439db2e97810",
    "https://deno.land/std@0.214.0/path/windows/parse.ts": "b9239edd892a06a06625c1b58425e199f018ce5649ace024d144495c984da734",
    "https://deno.land/std@0.214.0/path/windows/relative.ts": "3e1abc7977ee6cc0db2730d1f9cb38be87b0ce4806759d271a70e4997fc638d7",
    "https://deno.land/std@0.214.0/path/windows/resolve.ts": "75b2e3e1238d840782cee3d8864d82bfaa593c7af8b22f19c6422cf82f330ab3",
    "https://deno.land/std@0.214.0/path/windows/separator.ts": "e51c5522140eff4f8402617c5c68a201fdfa3a1a8b28dc23587cff931b665e43",
    "https://deno.land/std@0.214.0/path/windows/to_file_url.ts": "1cd63fd35ec8d1370feaa4752eccc4cc05ea5362a878be8dc7db733650995484",
    "https://deno.land/std@0.214.0/path/windows/to_namespaced_path.ts": "4ffa4fb6fae321448d5fe810b3ca741d84df4d7897e61ee29be961a6aac89a4c",
    "https://deno.land/x/oak@v17.1.3/application.ts": "2bcc73b3f22a193554c9958f7080ea635db25594d25ff7944021fca5bf74adba",
    "https://deno.land/x/oak@v17.1.3/body.ts": "0eb7ab9df44d1b79933463d596b5e1a4f0991c94cff591861e58a413bda3f3db",
    "https://deno.land/x/oak@v17.1.3/context.ts": "345cfdaa5a2310558ee0863f2fba5f9ba648188412b16ce342c33266c085f5d3",
    "https://deno.land/x/oak@v17.1.3/deps.ts": "b778c76e91d6d2afe6124981212b6dc3d0b195739ea01857a45396dc78812b59",
    "https://deno.land/x/oak@v17.1.3/http_server_bun.ts": "cb3a66c735cd0533c4c3776b37ae627ab42344c82f91dff63e3030d9656fd3a0",
    "https://deno.land/x/oak@v17.1.3/http_server_native.ts": "3bea00ebb9638203d2449fbf9a14a6b87f119bd45012f13282ececdf7b4c4242",
    "https://deno.land/x/oak@v17.1.3/http_server_native_request.ts": "a4da6f4939736e6323720db2d4b0d19ff2e83f02e52ab1eea9ae80f2c047fa56",
    "https://deno.land/x/oak@v17.1.3/http_server_node.ts": "9bb5291c15305b297fd634aa4c6b1d5054368f4b7a171d7c7c302c73eb2489ed",
    "https://deno.land/x/oak@v17.1.3/middleware.ts": "4170180fe5009d2581a0bdc995e5953b90ccb5b1c3767f3eae8a4fe238b8bd81",
    "https://deno.land/x/oak@v17.1.3/middleware/etag.ts": "eb3cb3a8862ca1990ce80b7d1c3f142c866b22d34c2f785a0e8b46bc34b91f7d",
    "https://deno.land/x/oak@v17.1.3/middleware/proxy.ts": "104890bd3990fa68618c36141d56aff5f95a51deac57ce8b8b0c7a14a8fd2ea4",
    "https://deno.land/x/oak@v17.1.3/middleware/serve.ts": "efceebd70afb73bcabe0a6a8981f3d8474a2f2f30e85b46761aee49e81bd9d6a",
    "https://deno.land/x/oak@v17.1.3/mod.ts": "38e53e01e609583e843f3e2b2677de9872d23d68939ce0de85b402e7a8db01a7",
    "https://deno.land/x/oak@v17.1.3/node_shims.ts": "4db1569b2b79b73f37c4d947f4aaa50a93e266d48fe67601c8a31af17a28884d",
    "https://deno.land/x/oak@v17.1.3/request.ts": "1e7f2c338cd6889b616bbdc9e2062eac27acbffde05c685adfb1c60ecc80682a",
    "https://deno.land/x/oak@v17.1.3/response.ts": "75724db76f2dd782827f2dcaa00e4e1732709399bad2458c787fed2c95c4f8be",
    "https://deno.land/x/oak@v17.1.3/router.ts": "d625307016e5db92a9ff187d9917093cb441a8c442c0d78d8dbdbd9575816b72",
    "https://deno.land/x/oak@v17.1.3/send.ts": "28132e2ebeb0c8d4ab41624ae8f1a7adf652cfddd91e77911274cbc413499fe8",
    "https://deno.land/x/oak@v17.1.3/testing.ts": "cbefaf9d21452e829999eda9b99b920df7fde3f702528a484a4433ffed20a9cf",
    "https://deno.land/x/oak@v17.1.3/types.ts": "cd4ccd3e182d0cba2117cd27f560267970470ab9c0ff6556cadd73f605193be7",
    "https://deno.land/x/oak@v17.1.3/utils/clone_state.ts": "cf8989ddd56816b36ada253ae0acdbd46cdf3d68dbe674d2b66c46640fab3500",
    "https://deno.land/x/oak@v17.1.3/utils/consts.ts": "137c4f73479f5e98a13153b9305f06f0d85df3cf2aacad2c9f82d4c1f3a2f105",
    "https://deno.land/x/oak@v17.1.3/utils/create_promise_with_resolvers.ts": "de99e9a998162b929a011f8873eaf0895cf4742492b3ce6f6866d39217342523",
    "https://deno.land/x/oak@v17.1.3/utils/decode.ts": "2fd843f1217872318c339006dad266d62cdb99bff84bb6adef8a4b86269f51ce",
    "https://deno.land/x/oak@v17.1.3/utils/decode_component.ts": "d3e2c40ecdd2fdb79761c6e9ae224cf01a4643f7c5f4c1e0b69698d43025261b",
    "https://deno.land/x/oak@v17.1.3/utils/encode_url.ts": "c0ed6b318eb9523adeebba32eb9acd059c0f94d3511b2b9e3b024722d1b3dfb8",
    "https://deno.land/x/oak@v17.1.3/utils/resolve_path.ts": "aa39d54a003b38fee55f340a0cba3f93a7af85b8ddd5fbfb049a98fc0109b36d",
    "https://deno.land/x/oak@v17.1.3/utils/streams.ts": "3da73b94681f8d27a82cc67df3f91090ec0bd6c3e9ab957af588d41ab585d923",
    "https://deno.land/x/oak@v17.1.3/utils/type_guards.ts": "a8dbb5ab7424f0355b121537d2454f927e0ca9949262fb67ac4fbefbd5880313",
    "https://deno.land/x/postgres@v0.19.3/client.ts": "d141c65c20484c545a1119c9af7a52dcc24f75c1a5633de2b9617b0f4b2ed5c1",
    "https://deno.land/x/postgres@v0.19.3/client/error.ts": "05b0e35d65caf0ba21f7f6fab28c0811da83cd8b4897995a2f411c2c83391036",
    "https://deno.land/x/postgres@v0.19.3/connection/auth.ts": "db15c1659742ef4d2791b32834950278dc7a40cb931f8e434e6569298e58df51",
    "https://deno.land/x/postgres@v0.19.3/connection/connection.ts": "198a0ecf92a0d2aa72db3bb88b8f412d3b1f6b87d464d5f7bff9aa3b6aff8370",
    "https://deno.land/x/postgres@v0.19.3/connection/connection_params.ts": "463d7a9ed559f537a55d6928cab62e1c31b808d08cd0411b6ae461d0c0183c93",
    "https://deno.land/x/postgres@v0.19.3/connection/message.ts": "20da5d80fc4d7ddb7b850083e0b3fa8734eb26642221dad89c62e27d78e57a4d",
    "https://deno.land/x/postgres@v0.19.3/connection/message_code.ts": "12bcb110df6945152f9f6c63128786558d7ad1e61006920daaa16ef85b3bab7d",
    "https://deno.land/x/postgres@v0.19.3/connection/packet.ts": "050aeff1fc13c9349e89451a155ffcd0b1343dc313a51f84439e3e45f64b56c8",
    "https://deno.land/x/postgres@v0.19.3/connection/scram.ts": "532d4d58b565a2ab48fb5e1e14dc9bfb3bb283d535011e371e698eb4a89dd994",
    "https://deno.land/x/postgres@v0.19.3/debug.ts": "8add17699191f11e6830b8c95d9de25857d221bb2cf6c4ae22254d395895c1f9",
    "https://deno.land/x/postgres@v0.19.3/deps.ts": "c312038fe64b8368f8a294119f11d8f235fe67de84d7c3b0ef67b3a56628171a",
    "https://deno.land/x/postgres@v0.19.3/mod.ts": "4930c7b44f8d16ea71026f7e3ef22a2322d84655edceacd55f7461a9218d8560",
    "https://deno.land/x/postgres@v0.19.3/pool.ts": "2289f029e7a3bd3d460d4faa71399a920b7406c92a97c0715d6e31dbf1380ec3",
    "https://deno.land/x/postgres@v0.19.3/query/array_parser.ts": "ff72d3e026e3022a1a223a6530be5663f8ebbd911ed978291314e7fe6c2f2464",
    "https://deno.land/x/postgres@v0.19.3/query/decode.ts": "3e89ad2a662eab66a4f4e195ff0924d71d199af3c2f5637d1ae650301a03fa9b",
    "https://deno.land/x/postgres@v0.19.3/query/decoders.ts": "6a73da1024086ab91e233648c850dccbde59248b90d87054bbbd7f0bf4a50681",
    "https://deno.land/x/postgres@v0.19.3/query/encode.ts": "5b1c305bc7352a6f9fe37f235dddfc23e26419c77a133b4eaea42cf136481aa6",
    "https://deno.land/x/postgres@v0.19.3/query/oid.ts": "21fc714ac212350ba7df496f88ea9e01a4ee0458911d0f2b6a81498e12e7af4c",
    "https://deno.land/x/postgres@v0.19.3/query/query.ts": "510f9a27da87ed7b31b5cbcd14bf3028b441ac2ddc368483679d0b86a9d9f213",
    "https://deno.land/x/postgres@v0.19.3/query/transaction.ts": "8f4eef68f8e9b4be216199404315e6e08fe1fe98afb2e640bffd077662f79678",
    "https://deno.land/x/postgres@v0.19.3/query/types.ts": "540f6f973d493d63f2c0059a09f3368071f57931bba68bea408a635a3e0565d6",
    "https://deno.land/x/postgres@v0.19.3/utils/deferred.ts": "5420531adb6c3ea29ca8aac57b9b59bd3e4b9a938a4996bbd0947a858f611080",
    "https://deno.land/x/postgres@v0.19.3/utils/utils.ts": "ca47193ea03ff5b585e487a06f106d367e509263a960b787197ce0c03113a738",
    "https://esm.sh/graphql-yoga@2.7.0": "fa45320153bf5b32124c3b976062728a8a2f9d0bcc2a3a6a37648cb0f556a035",
    "https://esm.sh/preact@10.11.0": "8e22a7b6fefee25f79b97abcfad78b430667fb49bb1dd2368e53ecae88716837",
    "https://esm.sh/preact@10.11.0/hooks": "d241642acd03ab26455fa88fcf23a6dcaf15056e91be233dcb1d13fc320dcf24",
    "https://esm.sh/preact@10.11.0/jsx-runtime": "b1428f2f471a6b4a3b36edd6368b9adc091b989227fa32179b938f519596968a",
    "https://esm.sh/stable/preact@10.11.0/denonext/hooks.js": "8353911c6f4ab0e0c8ac0f4421ece58730f2ac701a995721f73ca13b10d553f6",
    "https://esm.sh/stable/preact@10.11.0/denonext/jsx-runtime.js": "03c711c4a0eaf1489d807db5611a94f4e34e9c25763c0da060014964ff95c80b",
    "https://esm.sh/stable/preact@10.11.0/denonext/preact.mjs": "71306b68971e656b4c8bff31e261528c4fe14bf87f8e65f214b671f45bef2d31",
    "https://esm.sh/stable/svelte@5.1.16/denonext/compiler.js": "d2e1344d493128db1fbb15c7caf77b5e37aa65b10f473825737958c03a60f35f",
    "https://esm.sh/v135/@ampproject/remapping@2.3.0/denonext/remapping.mjs": "d9697e0e8a8b27803535e05dde0f0093079ffedd60bf158729016904f1fa70c0",
    "https://esm.sh/v135/@ardatan/sync-fetch@0.0.1/denonext/sync-fetch.mjs": "d2910191dfad547ec7223d95245942ed716cc2f8704555affcc48e84d352f075",
    "https://esm.sh/v135/@babel/code-frame@7.23.5/denonext/code-frame.mjs": "e7b7097f010c42685d8b28bfd2b8a0f144276a82bb51249438c024bced9067b6",
    "https://esm.sh/v135/@babel/code-frame@7.25.9/denonext/code-frame.mjs": "9a1bcbfaa1855dd394532a42b285bb76ca75daac13fdde6a31912edbd7d6a4c5",
    "https://esm.sh/v135/@babel/generator@7.25.9/denonext/generator.mjs": "269f0ebb50c79d810572cb2e10cac4b8e16d3386e051593290f115db4dc36aab",
    "https://esm.sh/v135/@babel/helper-string-parser@7.25.9/denonext/helper-string-parser.mjs": "6761db4547a5f0714e6022546d88c8bb32e2d81002379e2ce9bb04c7c3190828",
    "https://esm.sh/v135/@babel/helper-validator-identifier@7.22.20/denonext/helper-validator-identifier.mjs": "1ad312a9040d1f3b096e90a3e6a9da7ecfc99662140852fe3862a316c2591c93",
    "https://esm.sh/v135/@babel/helper-validator-identifier@7.25.9/denonext/helper-validator-identifier.mjs": "8710c6585a2c76802495c393a6b30ba7e443f85444c21e261805177aeebcbd1d",
    "https://esm.sh/v135/@babel/highlight@7.23.4/denonext/highlight.mjs": "6103cfc89ad4efcb8c90d4b5a1d344794a4b5e52903a77d03e0b9340dda025ae",
    "https://esm.sh/v135/@babel/highlight@7.25.9/denonext/highlight.mjs": "ad0c090d4055e3bbc9fe8b16f66d01c22388f05fa7988bdbdfadd8ffa2309689",
    "https://esm.sh/v135/@babel/parser@7.25.9/denonext/parser.mjs": "25e6a310ad8ace756bf5503b8f302455009a17ba936b7a6218bfafae6528ca0e",
    "https://esm.sh/v135/@babel/parser@7.26.2/denonext/parser.mjs": "c11b01a94cec50465c7e139be5427c0219dc24e69ab98f92be2179de3ad75433",
    "https://esm.sh/v135/@babel/template@7.25.9/denonext/template.mjs": "bc3886c94f3068b962937ea4a68a2b69a021f0302c266389a4bfae413d12bd40",
    "https://esm.sh/v135/@babel/traverse@7.25.9/denonext/traverse.mjs": "e8d0cb7e265284738f80a8c761a8862a20e6d16c8477415d17b7e52a3b7b6a6e",
    "https://esm.sh/v135/@babel/types@7.25.9/denonext/types.mjs": "241499cf349ed61487f1cad4bcca17a07de887eeab9ff006d7800d896394d91b",
    "https://esm.sh/v135/@babel/types@7.26.0/denonext/types.mjs": "2cf63128619141f1dd6a57a3fbb81c59b34c19a3788e0c08ea400414797b53df",
    "https://esm.sh/v135/@envelop/core@2.6.0/denonext/core.mjs": "55b1002b44dced151065833522c1121214321599b84c573b7fcba2c06c1d403d",
    "https://esm.sh/v135/@envelop/parser-cache@4.7.0/denonext/parser-cache.mjs": "0601819e8c81e2801e318d7b8e2ee46f062b245e7bac2191aa01b23872f66622",
    "https://esm.sh/v135/@envelop/types@2.4.0/denonext/types.mjs": "12e1e637b12d7e752250ec3740f2f43fab7c945cbe913f1f0fb3f90919b687db",
    "https://esm.sh/v135/@envelop/validation-cache@4.7.0/denonext/validation-cache.mjs": "c8c97e637d9e91594264f3ade4f85833ebabaaf4ecc4a76bcdcc7b6e7b0c3d73",
    "https://esm.sh/v135/@graphql-tools/batch-execute@8.5.22/denonext/batch-execute.mjs": "7816000834c05ccc29e85dd756b2ae210ff0d16b2761a875e670b797f99628ce",
    "https://esm.sh/v135/@graphql-tools/code-file-loader@7.3.23/denonext/code-file-loader.mjs": "ba960e6c3be746dac5aeb0b40d7c95c2512781648daf2052b61ef1da31f7cf39",
    "https://esm.sh/v135/@graphql-tools/delegate@9.0.35/denonext/delegate.mjs": "5b1354dcc97b28c301aee0d416d493c75773f1e6e865fe19bf0c519b9359e51f",
    "https://esm.sh/v135/@graphql-tools/executor-graphql-ws@0.0.14/denonext/executor-graphql-ws.mjs": "ca3e025f74c39f80b3dd94cad0ca9b5a9e10369dadd1a89b942a0f912e778d6e",
    "https://esm.sh/v135/@graphql-tools/executor-http@0.1.10/denonext/executor-http.mjs": "314b91e642385591bcd3dc060fe67faa0a0417c1a38b49000a7faab6e043b8b6",
    "https://esm.sh/v135/@graphql-tools/executor-legacy-ws@0.0.11/denonext/executor-legacy-ws.mjs": "c22cde46cd754db1a623d060499e36dfb6b77568166e73d29c1dfb930f9ed887",
    "https://esm.sh/v135/@graphql-tools/executor@0.0.20/denonext/executor.mjs": "3582755d9775b3c2665eba607750cadea5346ef8e4a57a6390750035ca5a85cd",
    "https://esm.sh/v135/@graphql-tools/graphql-file-loader@7.5.17/denonext/graphql-file-loader.mjs": "fa4ddb321289dc9a83a2fa8dfe5dee76d739ac2725d337cc706ad66d9d7f74e6",
    "https://esm.sh/v135/@graphql-tools/graphql-tag-pluck@7.5.2/denonext/graphql-tag-pluck.mjs": "2c98e1574ade5279a5a83f8630bdf81b8f2cf42cae24137c408dbfbb76588fde",
    "https://esm.sh/v135/@graphql-tools/import@6.7.18/denonext/import.mjs": "4d55daa21cfc59403c3a38975c9787bbe67d7dc6df9138ef1b62b4fe10bf3ec6",
    "https://esm.sh/v135/@graphql-tools/json-file-loader@7.4.18/denonext/json-file-loader.mjs": "6d36672e0e305c491db40b637349619132a70fb05d557dbf0058a9a8b5f3715e",
    "https://esm.sh/v135/@graphql-tools/load@7.8.14/denonext/load.mjs": "2384f760cb4dd89f9b3ccf5d8ebc0b75eb04071b8418e359463123e70cddbe87",
    "https://esm.sh/v135/@graphql-tools/merge@8.3.1/denonext/merge.mjs": "4233884630a6b87b5d0c77f2ea328448f68b8f249b96b01d6491a9ecd2345489",
    "https://esm.sh/v135/@graphql-tools/merge@8.4.2/denonext/merge.mjs": "49a559e92646e317788c73786993f9703cf43c09cebccb0cc667e9850151b2d1",
    "https://esm.sh/v135/@graphql-tools/mock@8.7.20/denonext/mock.mjs": "d001f4db1ddc0da66e959bc9757837673bbee8bfaba1da43ca6f668bd4edcfaa",
    "https://esm.sh/v135/@graphql-tools/schema@8.5.1/denonext/schema.mjs": "0a2b464268962cdf79fb64967d09f876172025e0edaaeb81adb1201ba7f4d69f",
    "https://esm.sh/v135/@graphql-tools/schema@9.0.19/denonext/schema.mjs": "b499548eb649c2e4f118d898b55ff222d3e8e00f75123f28e0a8a79c280bd9ce",
    "https://esm.sh/v135/@graphql-tools/url-loader@7.17.18/denonext/url-loader.mjs": "c65f1b20531333c223fd31f71d81a5300dc4d72e3f0a7faaa19305df78e1ebaf",
    "https://esm.sh/v135/@graphql-tools/utils@8.13.1/denonext/utils.mjs": "66b59062a5bbe2f5b6c40cd4f1ab51ae7616fa88041aae49d6f31d1e29812ee1",
    "https://esm.sh/v135/@graphql-tools/utils@8.9.0/denonext/utils.mjs": "58787688a11b81ae6fae49020cf26ffc42f3d5226cf58ef9f1fca9da7b525c9d",
    "https://esm.sh/v135/@graphql-tools/utils@9.2.1/denonext/utils.mjs": "d3f18f3a8eca48af5d6920799d3913c90cbcb9db018e262bd8b946e907f435d1",
    "https://esm.sh/v135/@graphql-tools/wrap@9.4.2/denonext/wrap.mjs": "cf6d1ca834ac82bacc938a3e1038549f00fd88e62ca7815a66af70e7d2276e68",
    "https://esm.sh/v135/@graphql-yoga/common@2.7.0/denonext/common.mjs": "0e7e5f60fa489538af3e273b574ca81fb719dd4aaf0a71bd7ca9d26d80e08495",
    "https://esm.sh/v135/@graphql-yoga/node@2.7.0/denonext/node.mjs": "b88e6308f8e48a4b8e44866818466b818af480f0ef3af08f27395754aaeb64d2",
    "https://esm.sh/v135/@graphql-yoga/subscription@2.0.0/denonext/subscription.mjs": "3bb5c8d2dc8a17b02a032818ccd6e448df779593640887c5c7644445eed795b2",
    "https://esm.sh/v135/@jridgewell/gen-mapping@0.3.5/denonext/gen-mapping.mjs": "e9040f0749f8adb05ee2c743cbd992aa5ba80d55198a573cfded20202c00182f",
    "https://esm.sh/v135/@jridgewell/resolve-uri@3.1.2/denonext/resolve-uri.mjs": "6efe3879e3fe78cb5bc8f72cf14d0a3d1f57a02261ac9b35159b813a90cad08c",
    "https://esm.sh/v135/@jridgewell/set-array@1.2.1/denonext/set-array.mjs": "3267aabe6f860f4ddd92e88c5a2e84231f30ce46fa51211bcdaf089ce84976ff",
    "https://esm.sh/v135/@jridgewell/sourcemap-codec@1.4.15/denonext/sourcemap-codec.mjs": "29073b55440930edcd5fcdd6cb59ed0f72772f8387bb7b5ee3763fb3d6db81ae",
    "https://esm.sh/v135/@jridgewell/sourcemap-codec@1.5.0/denonext/sourcemap-codec.mjs": "f2312658040af65d2b39a56d04ee8b446e59ec6757db9203d1f6acc20ff44107",
    "https://esm.sh/v135/@jridgewell/trace-mapping@0.3.25/denonext/trace-mapping.mjs": "874302e64079c985afcb28413c4d9067cd274be32af4e2daa47fccea531f6e5e",
    "https://esm.sh/v135/@nodelib/fs.scandir@2.1.5/denonext/fs.scandir.mjs": "198a41ab13eb3e8dadf0d43746bfdfd7c16097b25acd182fbe2acd2111d34ebb",
    "https://esm.sh/v135/@nodelib/fs.stat@2.0.5/denonext/fs.stat.mjs": "b5aad3d32ff77408cda4c594ee81bb8cadc462ab2fe032b070d338a7733af0b7",
    "https://esm.sh/v135/@nodelib/fs.walk@1.2.8/denonext/fs.walk.mjs": "249a582e9cdda82572943c820b56efd6a799f8a6602d7871eabfa180b7b8bfdc",
    "https://esm.sh/v135/@repeaterjs/repeater@3.0.4/denonext/repeater.mjs": "52ea358862d16c4789e8a01530f89efd822ebc8b24cc26919d6b4f95e81b2175",
    "https://esm.sh/v135/@repeaterjs/repeater@3.0.6/denonext/repeater.mjs": "498e466dfaa26c902e17b28721b39d4adb2dea4874cda2a63d2406b9bf843c53",
    "https://esm.sh/v135/@vue/compiler-sfc@3.5.12/denonext/compiler-sfc.mjs": "3408f2749e77231c26e414ea07e0b9fc43dbdca3ec9ef287fb6248d2801cb98d",
    "https://esm.sh/v135/@whatwg-node/fetch@0.8.8/denonext/fetch.mjs": "625ecba6bfbe16288948cda72f87137186ca718778792fccb14d0fd6eb7fdedb",
    "https://esm.sh/v135/acorn-typescript@1.4.13/denonext/acorn-typescript.mjs": "3d047d0bd67843399eaf11c445b1940102a71d597e023c5ece18d32803fac29b",
    "https://esm.sh/v135/acorn@8.11.3/denonext/acorn.mjs": "4bbd9807b0344b668da891947367e36ee3b11af74f72cc1497c72c5c52fbf8b3",
    "https://esm.sh/v135/acorn@8.14.0/denonext/acorn.mjs": "8c79b214d8ea549d7add8966e4ba57496cef3a2fd0be6fc7ecfd0b037470fc2a",
    "https://esm.sh/v135/ansi-styles@3.2.1/denonext/ansi-styles.mjs": "35138a2d958719846807028bbc6772043aac39f06f545d7dd6ebd98b2a01405c",
    "https://esm.sh/v135/aria-query@5.3.2/denonext/aria-query.mjs": "de954f04e7b8a67671cb29515d6760a1350493d4ec53661bae4e5f9e244dc0b2",
    "https://esm.sh/v135/array-union@2.1.0/denonext/array-union.mjs": "0e8a0472dbfb209867f444727483e18f95e4c0e616f5f3cd16f29d4464f7fa7c",
    "https://esm.sh/v135/axobject-query@4.1.0/denonext/axobject-query.mjs": "6e19ab8a89935e3cb567d8e1f8240298484d9a363ba8f42e2320c25725f588ca",
    "https://esm.sh/v135/balanced-match@1.0.2/denonext/balanced-match.mjs": "b2f9737a6fb330aedd4a444eb85ba127d757c49032a528400fc0e2efb70ddca3",
    "https://esm.sh/v135/brace-expansion@1.1.11/denonext/brace-expansion.mjs": "37804872dca2bd08f67fee3ab0a1c56b0612243fc46e5792b1f9d2a53bdb79c8",
    "https://esm.sh/v135/braces@3.0.2/denonext/braces.mjs": "14bd8bc9376cfc426acf63dea50e61c6032b71931f4e3976d7a110832a67a216",
    "https://esm.sh/v135/buffer-from@1.1.2/denonext/buffer-from.mjs": "078451542b62cb4261c01a01ff7e9bc0f94bef4eb710831d40e1f92c4dfe3883",
    "https://esm.sh/v135/bufferutil@4.0.8/denonext/bufferutil.mjs": "60a4618cbd1a5cb24935c55590b793d4ecb33862357d32e1d4614a0bbb90947f",
    "https://esm.sh/v135/callsites@3.1.0/denonext/callsites.mjs": "768a3d73a61b6c30abe1b906c668b289f2e17c224367a422002903deeb07505a",
    "https://esm.sh/v135/chalk@2.4.2/denonext/chalk.mjs": "84613a7a79349c82f112937a651f56330ca8e5e79c41b7f624e736f14eac5984",
    "https://esm.sh/v135/cliui@8.0.1/denonext/cliui.mjs": "ae61b40db8f38866c143dfe4a7c2206bba9526fc4bdf5cec1443294420ef3eba",
    "https://esm.sh/v135/color-convert@1.9.3/denonext/color-convert.mjs": "89d400e03e822194db7a760b3ddb508fc8b450ffafc76ad3b1bb888eb3352e4d",
    "https://esm.sh/v135/color-name@1.1.3/denonext/color-name.mjs": "d861d17556df4a55292f42fb6d550d762869c8b84dcf5ad7f0d403945e125086",
    "https://esm.sh/v135/concat-map@0.0.1/denonext/concat-map.mjs": "1a5a143263db86cb520387e65d8ce2fde374b66cf64aed488b5138836b1d5674",
    "https://esm.sh/v135/cosmiconfig@8.0.0/denonext/cosmiconfig.mjs": "d122d3aa745fe58ef112f49d30e62c61bc53438950ea7859563d9a1af8891c2b",
    "https://esm.sh/v135/cross-undici-fetch@0.4.14/denonext/cross-undici-fetch.mjs": "dfec25744bd6dbbac784fb77efe7b457ffe9a6c6b44da0a16029871e7e512e00",
    "https://esm.sh/v135/dataloader@2.2.2/denonext/dataloader.mjs": "7fc66951291bc6a8ec9b68245314c6711f59f3efd26344cddc6ad12ae4528ab0",
    "https://esm.sh/v135/debug@4.3.7/denonext/debug.mjs": "83a87de38124da10cfb7a9ee1d8a643bdb90f29191e5bd7d2ef98c172cc5223a",
    "https://esm.sh/v135/dedent-js@1.0.1/denonext/dedent-js.mjs": "3a2a2822f21f3dd218c3c19fc96c48488a6e79de726b9f76bf0923944108f849",
    "https://esm.sh/v135/dir-glob@3.0.1/denonext/dir-glob.mjs": "287c6121c1a43f5051b2721e5b6feaf03dae55e5133a5c7da4450d2a59895331",
    "https://esm.sh/v135/dset@3.1.4/denonext/dset.mjs": "1b420a78429307ca60487456ec933838f179eef5fe1d3592e57995c74c5283c6",
    "https://esm.sh/v135/dset@3.1.4/denonext/merge.js": "534b9e8f6f21ffc849838e4e7079160f3b6b901c36790ab6cc6f5b229a4b3d47",
    "https://esm.sh/v135/error-ex@1.3.2/denonext/error-ex.mjs": "57a870c17205643710b95380c85d35bd331243ae60358cbd961d9a97952db928",
    "https://esm.sh/v135/escalade@3.1.1/denonext/sync.js": "9a3234bc32771d5f39cb1054ae66351d44a35235c4b8fed07e8241d7215f0b23",
    "https://esm.sh/v135/escape-string-regexp@1.0.5/denonext/escape-string-regexp.mjs": "51de6a8a3f3b493da11d68ecafefb2cc85d87f1bab101d134865365beba82a46",
    "https://esm.sh/v135/esrap@1.2.2/denonext/esrap.mjs": "90447eb437c7b3eb25eae0c8687344f40a92f567811985f119c3ae21aecefe0b",
    "https://esm.sh/v135/extract-files@11.0.0/denonext/extract-files.mjs": "7bbadc085ad7e0d1c169339faa96bc29c6bd6163f081a4a19998f43a7efa402f",
    "https://esm.sh/v135/fast-glob@3.3.2/denonext/fast-glob.mjs": "7cd97b46afcbb788a2482dc77ee3312b976ed684a2755d973950f36d14388931",
    "https://esm.sh/v135/fast-json-stable-stringify@2.1.0/denonext/fast-json-stable-stringify.mjs": "56a4807f5bc022ed2a240d97b4ca83c1227fece1e5e7e48f1c4971cd333ee6c5",
    "https://esm.sh/v135/fastq@1.15.0/denonext/fastq.mjs": "8dc61c0698cfa62a3bc676fc907154b125953daee3028ffcaf7680e5ba96adff",
    "https://esm.sh/v135/fill-range@7.0.1/denonext/fill-range.mjs": "44e967a9d6edabbb62be3e6c7a5daedb25d1c739dac1d88a50691b653617845a",
    "https://esm.sh/v135/glob-parent@5.1.2/denonext/glob-parent.mjs": "d10f2b3fe6072bf3ed7080dd1dc31a4d877d31e7dcbb42f7f457b2541a8913ce",
    "https://esm.sh/v135/globals@11.12.0/denonext/globals.mjs": "859a6be8f3251cb7d8eab1618604d18ddfda864ae70087eb96f7e35c7864d5aa",
    "https://esm.sh/v135/globby@11.1.0/denonext/globby.mjs": "8eed244fef1a131b2a48711f358ef5ddbd6612b9b81fa8c8e9b89bd3b094fe42",
    "https://esm.sh/v135/graphql-config@4.5.0/denonext/graphql-config.mjs": "3ac25df4aaee20686d3fe050f2cac2c14ba32832c3d73d2d196c20f81397b694",
    "https://esm.sh/v135/graphql-ws@5.12.1/denonext/graphql-ws.mjs": "0e43d5775acbdad05ad8b2fe0d5e29115729ad26962db698b7972e276dc1f3d0",
    "https://esm.sh/v135/graphql-ws@5.12.1/denonext/lib/client.js": "f089a22fe43dfce47fd1d69cb3f6ed524ba434e38c0da05194edc2d99f76242a",
    "https://esm.sh/v135/graphql-ws@5.12.1/denonext/lib/common.js": "8d0e4cdba27e5e382ca3631f8c4204c75d2595884f65b3858e0eb90ab99445a4",
    "https://esm.sh/v135/graphql-ws@5.12.1/denonext/lib/server.js": "0da617b08cac7dabbd34462f1b867e977467da8f3c6c4175f0e3395b58023c05",
    "https://esm.sh/v135/graphql-ws@5.12.1/denonext/lib/utils.js": "0b21fa2a108128d62178d5d385cc8ccc8ed2aedf9fbc777a67f3bc43ecc4e371",
    "https://esm.sh/v135/graphql-yoga@2.7.0/denonext/graphql-yoga.mjs": "6194262ed490b0ab7fa9702d8cd49e08b1c02e369633b8f4ad1cb7ea7c49f144",
    "https://esm.sh/v135/graphql@16.8.1/denonext/graphql.mjs": "585b84022623b931e27a7a8134cd24ec50b33ea12fd18b43254527628a0fddac",
    "https://esm.sh/v135/graphql@16.9.0/denonext/graphql.mjs": "33b6ec4ea040b3df915c28a2890a0ddecbdffeb30e71f507cc1f7c96a0a01d01",
    "https://esm.sh/v135/ignore@5.3.0/denonext/ignore.mjs": "596c159f10369e65f4010beb34a6a207b12ddbdb9b96130e2d831cd29970f8c9",
    "https://esm.sh/v135/import-fresh@3.3.0/denonext/import-fresh.mjs": "b8ad232197ee4da401d16726f71d1e1ebc72fe6356ef90c95151f688f4c8c518",
    "https://esm.sh/v135/is-arrayish@0.2.1/denonext/is-arrayish.mjs": "db572f46b46c61b59d0ba39ea2f13f0611f259b41fc90d42978d6d7d7c35d999",
    "https://esm.sh/v135/is-extglob@2.1.1/denonext/is-extglob.mjs": "43b399da3b6384e348c08e894003bd598e511c77e6079e76328085d7081a9595",
    "https://esm.sh/v135/is-glob@4.0.3/denonext/is-glob.mjs": "f2ee9ce4250a5727fb81e5a0c96efa7f0566166a4d9ac6acb3107821b9f5f52d",
    "https://esm.sh/v135/is-number@7.0.0/denonext/is-number.mjs": "717f009bb6eaf01f5f0808869d7ef19165893326e7f0c114f67608827b243eb3",
    "https://esm.sh/v135/is-reference@3.0.2/denonext/is-reference.mjs": "555e2e683a9fc9b9162f8fb550442d8d49c429bb3b5a7d393dd2fc4a3454a64c",
    "https://esm.sh/v135/isomorphic-ws@5.0.0/denonext/isomorphic-ws.mjs": "9d8dcd29684101d1a7b9088ad6681da41967322755c6b4ac01a2b721314d2ac5",
    "https://esm.sh/v135/jiti@1.17.1/denonext/jiti.mjs": "46c54f50030971b1edefc756cdd67e18425fac9eae36f8bd2c9b8d89beb3c7c4",
    "https://esm.sh/v135/js-tokens@4.0.0/denonext/js-tokens.mjs": "023e64119966814c439af6df3470f26c561a2a4fa04351ddc1f3c0a626cae467",
    "https://esm.sh/v135/js-yaml@4.1.0/denonext/js-yaml.mjs": "b4e4f1b1cadcc873d4079f242cdc811b1a36fdd0eb01b9b54ca2ae6e2ff2a92f",
    "https://esm.sh/v135/jsesc@3.0.2/denonext/jsesc.mjs": "3803cf6c587be04c16f10f0c3b003beb99040fa748c86f7388f69d32048435a7",
    "https://esm.sh/v135/json-parse-even-better-errors@2.3.1/denonext/json-parse-even-better-errors.mjs": "c12f593505be9657724c59679b4b47dc59c6563704506eb1ad722276b3cceac5",
    "https://esm.sh/v135/lines-and-columns@1.2.4/denonext/lines-and-columns.mjs": "7abe81c1b8e54c1bd3df119e80af6034010df73434292f237d821fa02d8ebe3a",
    "https://esm.sh/v135/locate-character@3.0.0/denonext/locate-character.mjs": "ce5e53e64b61e376ed96d888c88145cb2fc342e91bea9d01f9797dbbcd85ad56",
    "https://esm.sh/v135/lower-case@2.0.2/denonext/lower-case.mjs": "3c0e48f8b71e68d9028b2854f673cde0a5897d3b081a28a97e241b0762ebeb90",
    "https://esm.sh/v135/lru-cache@6.0.0/denonext/lru-cache.mjs": "a2d6b3fe3b7dd1b9c5730c73fe10717741084e0bf2bc1edf68d555ed708f4668",
    "https://esm.sh/v135/magic-string@0.30.12/denonext/magic-string.mjs": "20fec9bb67c0abf68249218624a9dda550e1d44d55f83f6b7188d816aa58b936",
    "https://esm.sh/v135/merge2@1.4.1/denonext/merge2.mjs": "db1c2fdc925b7e985ec06e0ba66892e5d3c98b56fca2dcab0d2b7e500ae79d29",
    "https://esm.sh/v135/meros@1.3.0/denonext/browser.js": "8cfac8a9383820b0a540cc3a42110f7d377ea647fcd76954d5fdada845068480",
    "https://esm.sh/v135/meros@1.3.0/denonext/node.js": "fafccbb734aab3956388cebcec55fffe9b8702998fc422f38b57164ef5da07ba",
    "https://esm.sh/v135/micromatch@4.0.5/denonext/micromatch.mjs": "fb49fb243b26bfa4070ad6ae4d1725e48b16ab20233afd4c3932070931a23fce",
    "https://esm.sh/v135/minimatch@4.2.3/denonext/minimatch.mjs": "2c3056b0bb1443cfc0d5c6150cb7d6eb8dd2bb1bc097bfc9a0b8874bbb3166bd",
    "https://esm.sh/v135/ms@2.1.3/denonext/ms.mjs": "0f06597e493998793b8f52232868976128fca326eec3bcd56f10e66e6efd1839",
    "https://esm.sh/v135/no-case@3.0.4/denonext/no-case.mjs": "6d974bb153e128e04eaf47fb86598e2b8096d644e74b4cabb307e5c583524449",
    "https://esm.sh/v135/node-gyp-build@4.6.1/denonext/node-gyp-build.mjs": "5d28b312f145a6cb2ec0dbdd80a7d34c0e0e6b5dcada65411d8bcff6c8991cc6",
    "https://esm.sh/v135/node_inspector.js": "d651c514b7dbd594bd491a8876296166803ddd18d638cf80ab5ec410e4afe605",
    "https://esm.sh/v135/normalize-path@2.1.1/denonext/normalize-path.mjs": "694ccb7e736972ce526cb60b8e7d9ab0cf5e6d9c676ad51fd619155f628dc617",
    "https://esm.sh/v135/p-limit@3.1.0/denonext/p-limit.mjs": "ea94938be039452020916856408aa3e1c4ac07783dabc1efb6a0770a66b7bd5d",
    "https://esm.sh/v135/parent-module@1.0.1/denonext/parent-module.mjs": "c35308c2ddb282f4c396672c8169b7e11899c1a4aba41789bca8fdbb170b30f8",
    "https://esm.sh/v135/parse-json@5.2.0/denonext/parse-json.mjs": "b0135290c231f67f89b7bed0a330b9b005b600a6783af7b17779c5b41767b3f1",
    "https://esm.sh/v135/pascal-case@3.1.2/denonext/pascal-case.mjs": "46d5f6f075cc58f51fa6e6dc09128bb2ee898e2f8f24e5b5b342eb6aa1efeb9c",
    "https://esm.sh/v135/path-type@4.0.0/denonext/path-type.mjs": "4abc3de4570eeec43527a155d3f9db83ecd3c2ed4b719f6b8eb1dd9f3ad16711",
    "https://esm.sh/v135/picocolors@1.1.1/denonext/picocolors.mjs": "f36f3150d72c4dec4ffd9183213377d2e3b48202561d206ca1864131c1fbf09e",
    "https://esm.sh/v135/picomatch@2.3.1/denonext/lib/utils.js": "c91de22a27a663dff8c248cd7f5729b62cf98f734ff723e8522ebac7a966274f",
    "https://esm.sh/v135/picomatch@2.3.1/denonext/picomatch.mjs": "f5d737a14a53e5652d43f67ffb7238ed45b74fced036fae30c3bfeaec3478bbb",
    "https://esm.sh/v135/queue-microtask@1.2.3/denonext/queue-microtask.mjs": "427f94089c1dfb325e13eb15ad9ff02b7dee1665fef69cf3034aade7f144168f",
    "https://esm.sh/v135/remove-trailing-separator@1.1.0/denonext/remove-trailing-separator.mjs": "a9c0574da7bb67547e9b90842b9a06ad88e0f885ee9b7e390b16b747e47339d5",
    "https://esm.sh/v135/resolve-from@4.0.0/denonext/resolve-from.mjs": "96a4115fcd436f68afd60dab0e49b3aaba86d25f65934cc8226b9a6c61c372fb",
    "https://esm.sh/v135/resolve-from@5.0.0/denonext/resolve-from.mjs": "ba42bbfde6f48ae3a2acb773f5e26c9aa268535f4c8a2f757f4ecc3e8b7337a7",
    "https://esm.sh/v135/reusify@1.0.4/denonext/reusify.mjs": "85c8fa5a95b6204f3b17b8f91b6e4997a8bf4c6f225dce97246336f2f756bedd",
    "https://esm.sh/v135/run-parallel@1.2.0/denonext/run-parallel.mjs": "f3d425d8641ad511578478a3d219d1ee04f02981a05c0b3380a13f51682add12",
    "https://esm.sh/v135/slash@3.0.0/denonext/slash.mjs": "1061f71070799381a792c185874e31d18c3542e1612b22695a5b1a66ef9ac332",
    "https://esm.sh/v135/source-map-support@0.5.21/denonext/source-map-support.mjs": "4a3185b099f49b540b1ee768cb9d1912de4f27872b2e0d8ccfa93a3b3529d66a",
    "https://esm.sh/v135/source-map@0.6.1/denonext/source-map.mjs": "ccff3bb06dea7c01a2c83cf12113697592e418fd06b55ae2bb4cb0a4e51a98b8",
    "https://esm.sh/v135/string-env-interpolation@1.0.1/denonext/string-env-interpolation.mjs": "194d953a74ef7c69cf580d3bbca16817d8f329cef5e78b29a74093776cf53218",
    "https://esm.sh/v135/supports-color@5.5.0/denonext/supports-color.mjs": "71b282892b66cacbf5b14d08abfe8296b1a062f51052ac8ae6cd5151deed430b",
    "https://esm.sh/v135/svelte2tsx@0.7.24/denonext/svelte2tsx.mjs": "d062979ede6b212e0f767c651f02fa1402c2aa8580971d0d462c7f625f7c079a",
    "https://esm.sh/v135/to-regex-range@5.0.1/denonext/to-regex-range.mjs": "e496dae98a16e747d8e6ee2e4541a81e95c524bb111cb26290cb2a320f65be3e",
    "https://esm.sh/v135/tslib@2.6.2/denonext/tslib.mjs": "29782bcd3139f77ec063dc5a9385c0fff4a8d0a23b6765c73d9edeb169a04bf1",
    "https://esm.sh/v135/typescript@5.6.3/denonext/typescript.mjs": "64717834edabf88dd3958dedf2153085346e1b72347bd31641e4b10acaecddbb",
    "https://esm.sh/v135/unixify@1.0.0/denonext/unixify.mjs": "d7eecf26896a4f46eb1fd0cb0e175441f43f220d5175e8db5fad0867516f1131",
    "https://esm.sh/v135/utf-8-validate@6.0.3/denonext/utf-8-validate.mjs": "410c48d66840e987e474a4849cd25829817415cedd25466280effb1287d05aa5",
    "https://esm.sh/v135/value-or-promise@1.0.12/denonext/value-or-promise.mjs": "6bfe5781d6986648f4f2d80dcc818346386c6e78d1d8f51ce99d9305b5b7e82d",
    "https://esm.sh/v135/ws@8.14.2/denonext/ws.mjs": "e96033415d90efd20ce6bec551447fc2771a27e232d05689c5410582cf04ee17",
    "https://esm.sh/v135/y18n@5.0.8/denonext/y18n.mjs": "2b6dff6a9688f56abe26750bb395c2707102feda94dc7e9156aea92038b10004",
    "https://esm.sh/v135/yallist@4.0.0/denonext/yallist.mjs": "61f180d807dda50bac17028eda05d5722a3fecef6e98a9064e2353ea6864fd82",
    "https://esm.sh/v135/yargs-parser@21.1.1/denonext/yargs-parser.mjs": "81b68000098a71ef9ab399378da084702a66707199b5626f93a227fab3d1cf23",
    "https://esm.sh/v135/yargs@17.7.2/denonext/helpers.js": "7a23232c3221a8557e534184b5598765bd3393ce35aab937c302c142d6000af5",
    "https://esm.sh/v135/yargs@17.7.2/denonext/yargs.mjs": "0d366899d86569bed6387e9386271c3284742dbf6ed9247a8af16f4385cf0b63",
    "https://esm.sh/v135/yocto-queue@0.1.0/denonext/yocto-queue.mjs": "e78d3fb552975412dd7aad885dfe67fd2e116e05bcbce360408eb446ee89434c",
    "https://esm.sh/v135/zimmerframe@1.1.2/denonext/zimmerframe.mjs": "339a0bb8d0d42a91d625bd442923d484bf43483cd9563d811779f582b8b66abb"
  }
}
